{"1.2.0",
[{<<"gleam_http">>,{pkg,<<"gleam_http">>,<<"1.4.0">>},0},
 {<<"gleam_stdlib">>,{pkg,<<"gleam_stdlib">>,<<"0.10.1">>},0}]}.
[
{pkg_hash,[
 {<<"gleam_http">>, <<"5A149037A298CCA365F2E447736D7B15F620E95C2028658EB3ADDBA05725DB08">>},
 {<<"gleam_stdlib">>, <<"F123F33E03B5CDF5E19FC179B9EE81269DEB93F7DEFADB17EF2930E4DB9011E7">>}]},
{pkg_hash_ext,[
 {<<"gleam_http">>, <<"F1E1FDE4BBCF905CE0E9C1A867D56E05D8898945C8E10C247235A6D9623FF045">>},
 {<<"gleam_stdlib">>, <<"8ACD5D8AE1BD013B848F22745BE39E6D25968BF29899A87EB5D7057F4ED89DD0">>}]}
].
