{"1.2.0",
[{<<"gleam_http">>,{pkg,<<"gleam_http">>,<<"2.0.0">>},0},
 {<<"gleam_stdlib">>,{pkg,<<"gleam_stdlib">>,<<"0.14.0">>},0}]}.
[
{pkg_hash,[
 {<<"gleam_http">>, <<"5CEDF334F58A5C646A302DB98CEFAFC36C34606C8F479CB5AB27ED3C06A5C546">>},
 {<<"gleam_stdlib">>, <<"765D90AC06F97D7A8E8F7AC4BEDA373879D98C78A27FD8DEACC98AA34DA2DDCE">>}]},
{pkg_hash_ext,[
 {<<"gleam_http">>, <<"0FC0D01067E15E7AEC0A46F5897962217EAE9D3EA12FBAB1C0B6813822B6A1F3">>},
 {<<"gleam_stdlib">>, <<"9107F6A859CB96945AD9A099085DB028CA2BEBB3C8EA42EEC227B51C614CC2E0">>}]}
].
